
Microsoft Visual Studio Solution File, Format Version 12.00
# Visual Studio Version 17
VisualStudioVersion = 17.10.34928.147
MinimumVisualStudioVersion = 10.0.40219.1
Project("{FAE04EC0-301F-11D3-BF4B-00C04F79EFBC}") = "ProyectoPrueba", "ProyectoPrueba\ProyectoPrueba.csproj", "{17C6D995-AED9-4033-BA39-306F5CA01801}"
EndProject
Project("{FAE04EC0-301F-11D3-BF4B-00C04F79EFBC}") = "Servicios", "Servicios\Servicios.csproj", "{BFF79A85-B96A-4B7A-9476-232350657B20}"
EndProject
Global
	GlobalSection(SolutionConfigurationPlatforms) = preSolution
		Debug|Any CPU = Debug|Any CPU
		Release|Any CPU = Release|Any CPU
	EndGlobalSection
	GlobalSection(ProjectConfigurationPlatforms) = postSolution
		{17C6D995-AED9-4033-BA39-306F5CA01801}.Debug|Any CPU.ActiveCfg = Debug|Any CPU
		{17C6D995-AED9-4033-BA39-306F5CA01801}.Debug|Any CPU.Build.0 = Debug|Any CPU
		{17C6D995-AED9-4033-BA39-306F5CA01801}.Release|Any CPU.ActiveCfg = Release|Any CPU
		{17C6D995-AED9-4033-BA39-306F5CA01801}.Release|Any CPU.Build.0 = Release|Any CPU
		{BFF79A85-B96A-4B7A-9476-232350657B20}.Debug|Any CPU.ActiveCfg = Debug|Any CPU
		{BFF79A85-B96A-4B7A-9476-232350657B20}.Debug|Any CPU.Build.0 = Debug|Any CPU
		{BFF79A85-B96A-4B7A-9476-232350657B20}.Release|Any CPU.ActiveCfg = Release|Any CPU
		{BFF79A85-B96A-4B7A-9476-232350657B20}.Release|Any CPU.Build.0 = Release|Any CPU
	EndGlobalSection
	GlobalSection(SolutionProperties) = preSolution
		HideSolutionNode = FALSE
	EndGlobalSection
	GlobalSection(ExtensibilityGlobals) = postSolution
		SolutionGuid = {F2CB8308-C9B5-413A-AABB-73BA3708EDE9}
	EndGlobalSection
EndGlobal
